{
  "name": "Hetauda letter automation",
  "lockfileVersion": 3,
  "requires": true,
  "packages": {
    "": {
      "dependencies": {
        "bikram-sambat-js": "^1.0.2"
      }
    },
    "node_modules/bikram-sambat-js": {
      "version": "1.0.2",
      "resolved": "https://registry.npmjs.org/bikram-sambat-js/-/bikram-sambat-js-1.0.2.tgz",
      "integrity": "sha512-fZGPPSeSp6fZQGgSmfhePzFTBCg71laGV+xjwmLaPRYH/qgj4hLayBYE5W77UemTfcx4um2ZFiQm+2W37Ue3PQ==",
      "license": "MIT"
    }
  }
}
